// !$*UTF8*$!
{
	archiveVersion = 1;
	classes = {
	};
	objectVersion = 50;
	objects = {

/* Begin PBXBuildFile section */
		B2CE2F1320AD582E005B5B1A /* AppDelegate.m in Sources */ = {isa = PBXBuildFile; fileRef = B2CE2F1220AD582E005B5B1A /* AppDelegate.m */; };
		B2CE2F1620AD582E005B5B1A /* ViewController.m in Sources */ = {isa = PBXBuildFile; fileRef = B2CE2F1520AD582E005B5B1A /* ViewController.m */; };
		B2CE2F1920AD582E005B5B1A /* Main.storyboard in Resources */ = {isa = PBXBuildFile; fileRef = B2CE2F1720AD582E005B5B1A /* Main.storyboard */; };
		B2CE2F1B20AD5830005B5B1A /* Assets.xcassets in Resources */ = {isa = PBXBuildFile; fileRef = B2CE2F1A20AD5830005B5B1A /* Assets.xcassets */; };
		B2CE2F1E20AD5830005B5B1A /* LaunchScreen.storyboard in Resources */ = {isa = PBXBuildFile; fileRef = B2CE2F1C20AD5830005B5B1A /* LaunchScreen.storyboard */; };
		B2CE2F2120AD5830005B5B1A /* main.m in Sources */ = {isa = PBXBuildFile; fileRef = B2CE2F2020AD5830005B5B1A /* main.m */; };
/* End PBXBuildFile section */

/* Begin PBXFileReference section */
		B2CE2F0E20AD582E005B5B1A /* KeepAlive.app */ = {isa = PBXFileReference; explicitFileType = wrapper.application; includeInIndex = 0; path = KeepAlive.app; sourceTree = BUILT_PRODUCTS_DIR; };
		B2CE2F1120AD582E005B5B1A /* AppDelegate.h */ = {isa = PBXFileReference; lastKnownFileType = sourcecode.c.h; path = AppDelegate.h; sourceTree = "<group>"; };
		B2CE2F1220AD582E005B5B1A /* AppDelegate.m */ = {isa = PBXFileReference; lastKnownFileType = sourcecode.c.objc; path = AppDelegate.m; sourceTree = "<group>"; };
		B2CE2F1420AD582E005B5B1A /* ViewController.h */ = {isa = PBXFileReference; lastKnownFileType = sourcecode.c.h; path = ViewController.h; sourceTree = "<group>"; };
		B2CE2F1520AD582E005B5B1A /* ViewController.m */ = {isa = PBXFileReference; lastKnownFileType = sourcecode.c.objc; path = ViewController.m; sourceTree = "<group>"; };
		B2CE2F1820AD582E005B5B1A /* Base */ = {isa = PBXFileReference; lastKnownFileType = file.storyboard; name = Base; path = Base.lproj/Main.storyboard; sourceTree = "<group>"; };
		B2CE2F1A20AD5830005B5B1A /* Assets.xcassets */ = {isa = PBXFileReference; lastKnownFileType = folder.assetcatalog; path = Assets.xcassets; sourceTree = "<group>"; };
		B2CE2F1D20AD5830005B5B1A /* Base */ = {isa = PBXFileReference; lastKnownFileType = file.storyboard; name = Base; path = Base.lproj/LaunchScreen.storyboard; sourceTree = "<group>"; };
		B2CE2F1F20AD5830005B5B1A /* Info.plist */ = {isa = PBXFileReference; lastKnownFileType = text.plist.xml; path = Info.plist; sourceTree = "<group>"; };
		B2CE2F2020AD5830005B5B1A /* main.m */ = {isa = PBXFileReference; lastKnownFileType = sourcecode.c.objc; path = main.m; sourceTree = "<group>"; };
/* End PBXFileReference section */

/* Begin PBXFrameworksBuildPhase section */
		B2CE2F0B20AD582E005B5B1A /* Frameworks */ = {
			isa = PBXFrameworksBuildPhase;
			buildActionMask = 2147483647;
			files = (
			);
			runOnlyForDeploymentPostprocessing = 0;
		};
/* End PBXFrameworksBuildPhase section */

/* Begin PBXGroup section */
		B2CE2F0520AD582E005B5B1A = {
			isa = PBXGroup;
			children = (
				B2CE2F1020AD582E005B5B1A /* KeepAlive */,
				B2CE2F0F20AD582E005B5B1A /* Products */,
			);
			sourceTree = "<group>";
		};
		B2CE2F0F20AD582E005B5B1A /* Products */ = {
			isa = PBXGroup;
			children = (
				B2CE2F0E20AD582E005B5B1A /* KeepAlive.app */,
			);
			name = Products;
			sourceTree = "<group>";
		};
		B2CE2F1020AD582E005B5B1A /* KeepAlive */ = {
			isa = PBXGroup;
			children = (
				B2CE2F1120AD582E005B5B1A /* AppDelegate.h */,
				B2CE2F1220AD582E005B5B1A /* AppDelegate.m */,
				B2CE2F1420AD582E005B5B1A /* ViewController.h */,
				B2CE2F1520AD582E005B5B1A /* ViewController.m */,
				B2CE2F1720AD582E005B5B1A /* Main.storyboard */,
				B2CE2F1A20AD5830005B5B1A /* Assets.xcassets */,
				B2CE2F1C20AD5830005B5B1A /* LaunchScreen.storyboard */,
				B2CE2F1F20AD5830005B5B1A /* Info.plist */,
				B2CE2F2020AD5830005B5B1A /* main.m */,
			);
			path = KeepAlive;
			sourceTree = "<group>";
		};
/* End PBXGroup section */

/* Begin PBXNativeTarget section */
		B2CE2F0D20AD582E005B5B1A /* KeepAlive */ = {
			isa = PBXNativeTarget;
			buildConfigurationList = B2CE2F2420AD5830005B5B1A /* Build configuration list for PBXNativeTarget "KeepAlive" */;
			buildPhases = (
				B2CE2F0A20AD582E005B5B1A /* Sources */,
				B2CE2F0B20AD582E005B5B1A /* Frameworks */,
				B2CE2F0C20AD582E005B5B1A /* Resources */,
			);
			buildRules = (
			);
			dependencies = (
			);
			name = KeepAlive;
			productName = KeepAlive;
			productReference = B2CE2F0E20AD582E005B5B1A /* KeepAlive.app */;
			productType = "com.apple.product-type.application";
		};
/* End PBXNativeTarget section */

/* Begin PBXProject section */
		B2CE2F0620AD582E005B5B1A /* Project object */ = {
			isa = PBXProject;
			attributes = {
				LastUpgradeCheck = 0930;
				ORGANIZATIONNAME = cmcm;
				TargetAttributes = {
					B2CE2F0D20AD582E005B5B1A = {
						CreatedOnToolsVersion = 9.3.1;
					};
				};
			};
			buildConfigurationList = B2CE2F0920AD582E005B5B1A /* Build configuration list for PBXProject "KeepAlive" */;
			compatibilityVersion = "Xcode 9.3";
			developmentRegion = en;
			hasScannedForEncodings = 0;
			knownRegions = (
				en,
				Base,
			);
			mainGroup = B2CE2F0520AD582E005B5B1A;
			productRefGroup = B2CE2F0F20AD582E005B5B1A /* Products */;
			projectDirPath = "";
			projectRoot = "";
			targets = (
				B2CE2F0D20AD582E005B5B1A /* KeepAlive */,
			);
		};
/* End PBXProject section */

/* Begin PBXResourcesBuildPhase section */
		B2CE2F0C20AD582E005B5B1A /* Resources */ = {
			isa = PBXResourcesBuildPhase;
			buildActionMask = 2147483647;
			files = (
				B2CE2F1E20AD5830005B5B1A /* LaunchScreen.storyboard in Resources */,
				B2CE2F1B20AD5830005B5B1A /* Assets.xcassets in Resources */,
				B2CE2F1920AD582E005B5B1A /* Main.storyboard in Resources */,
			);
			runOnlyForDeploymentPostprocessing = 0;
		};
/* End PBXResourcesBuildPhase section */

/* Begin PBXSourcesBuildPhase section */
		B2CE2F0A20AD582E005B5B1A /* Sources */ = {
			isa = PBXSourcesBuildPhase;
			buildActionMask = 2147483647;
			files = (
				B2CE2F1620AD582E005B5B1A /* ViewController.m in Sources */,
				B2CE2F2120AD5830005B5B1A /* main.m in Sources */,
				B2CE2F1320AD582E005B5B1A /* AppDelegate.m in Sources */,
			);
			runOnlyForDeploymentPostprocessing = 0;
		};
/* End PBXSourcesBuildPhase section */

/* Begin PBXVariantGroup section */
		B2CE2F1720AD582E005B5B1A /* Main.storyboard */ = {
			isa = PBXVariantGroup;
			children = (
				B2CE2F1820AD582E005B5B1A /* Base */,
			);
			name = Main.storyboard;
			sourceTree = "<group>";
		};
		B2CE2F1C20AD5830005B5B1A /* LaunchScreen.storyboard */ = {
			isa = PBXVariantGroup;
			children = (
				B2CE2F1D20AD5830005B5B1A /* Base */,
			);
			name = LaunchScreen.storyboard;
			sourceTree = "<group>";
		};
/* End PBXVariantGroup section */

/* Begin XCBuildConfiguration section */
		B2CE2F2220AD5830005B5B1A /* Debug */ = {
			isa = XCBuildConfiguration;
			buildSettings = {
				ALWAYS_SEARCH_USER_PATHS = NO;
				CLANG_ANALYZER_NONNULL = YES;
				CLANG_ANALYZER_NUMBER_OBJECT_CONVERSION = YES_AGGRESSIVE;
				CLANG_CXX_LANGUAGE_STANDARD = "gnu++14";
				CLANG_CXX_LIBRARY = "libc++";
				CLANG_ENABLE_MODULES = YES;
				CLANG_ENABLE_OBJC_ARC = YES;
				CLANG_ENABLE_OBJC_WEAK = YES;
				CLANG_WARN_BLOCK_CAPTURE_AUTORELEASING = YES;
				CLANG_WARN_BOOL_CONVERSION = YES;
				CLANG_WARN_COMMA = YES;
				CLANG_WARN_CONSTANT_CONVERSION = YES;
				CLANG_WARN_DEPRECATED_OBJC_IMPLEMENTATIONS = YES;
				CLANG_WARN_DIRECT_OBJC_ISA_USAGE = YES_ERROR;
				CLANG_WARN_DOCUMENTATION_COMMENTS = YES;
				CLANG_WARN_EMPTY_BODY = YES;
				CLANG_WARN_ENUM_CONVERSION = YES;
				CLANG_WARN_INFINITE_RECURSION = YES;
				CLANG_WARN_INT_CONVERSION = YES;
				CLANG_WARN_NON_LITERAL_NULL_CONVERSION = YES;
				CLANG_WARN_OBJC_IMPLICIT_RETAIN_SELF = YES;
				CLANG_WARN_OBJC_LITERAL_CONVERSION = YES;
				CLANG_WARN_OBJC_ROOT_CLASS = YES_ERROR;
				CLANG_WARN_RANGE_LOOP_ANALYSIS = YES;
				CLANG_WARN_STRICT_PROTOTYPES = YES;
				CLANG_WARN_SUSPICIOUS_MOVE = YES;
				CLANG_WARN_UNGUARDED_AVAILABILITY = YES_AGGRESSIVE;
				CLANG_WARN_UNREACHABLE_CODE = YES;
				CLANG_WARN__DUPLICATE_METHOD_MATCH = YES;
				CODE_SIGN_IDENTITY = "iPhone Developer";
				COPY_PHASE_STRIP = NO;
				DEBUG_INFORMATION_FORMAT = dwarf;
				ENABLE_STRICT_OBJC_MSGSEND = YES;
				ENABLE_TESTABILITY = YES;
				GCC_C_LANGUAGE_STANDARD = gnu11;
				GCC_DYNAMIC_NO_PIC = NO;
				GCC_NO_COMMON_BLOCKS = YES;
				GCC_OPTIMIZATION_LEVEL = 0;
				GCC_PREPROCESSOR_DEFINITIONS = (
					"DEBUG=1",
					"$(inherited)",
				);
				GCC_WARN_64_TO_32_BIT_CONVERSION = YES;
				GCC_WARN_ABOUT_RETURN_TYPE = YES_ERROR;
				GCC_WARN_UNDECLARED_SELECTOR = YES;
				GCC_WARN_UNINITIALIZED_AUTOS = YES_AGGRESSIVE;
				GCC_WARN_UNUSED_FUNCTION = YES;
				GCC_WARN_UNUSED_VARIABLE = YES;
				IPHONEOS_DEPLOYMENT_TARGET = 11.3;
				MTL_ENABLE_DEBUG_INFO = YES;
				ONLY_ACTIVE_ARCH = YES;
				SDKROOT = iphoneos;
			};
			name = Debug;
		};
		B2CE2F2320AD5830005B5B1A /* Release */ = {
			isa = XCBuildConfiguration;
			buildSettings = {
				ALWAYS_SEARCH_USER_PATHS = NO;
				CLANG_ANALYZER_NONNULL = YES;
				CLANG_ANALYZER_NUMBER_OBJECT_CONVERSION = YES_AGGRESSIVE;
				CLANG_CXX_LANGUAGE_STANDARD = "gnu++14";
				CLANG_CXX_LIBRARY = "libc++";
				CLANG_ENABLE_MODULES = YES;
				CLANG_ENABLE_OBJC_ARC = YES;
				CLANG_ENABLE_OBJC_WEAK = YES;
				CLANG_WARN_BLOCK_CAPTURE_AUTORELEASING = YES;
				CLANG_WARN_BOOL_CONVERSION = YES;
				CLANG_WARN_COMMA = YES;
				CLANG_WARN_CONSTANT_CONVERSION = YES;
				CLANG_WARN_DEPRECATED_OBJC_IMPLEMENTATIONS = YES;
				CLANG_WARN_DIRECT_OBJC_ISA_USAGE = YES_ERROR;
				CLANG_WARN_DOCUMENTATION_COMMENTS = YES;
				CLANG_WARN_EMPTY_BODY = YES;
				CLANG_WARN_ENUM_CONVERSION = YES;
				CLANG_WARN_INFINITE_RECURSION = YES;
				CLANG_WARN_INT_CONVERSION = YES;
				CLANG_WARN_NON_LITERAL_NULL_CONVERSION = YES;
				CLANG_WARN_OBJC_IMPLICIT_RETAIN_SELF = YES;
				CLANG_WARN_OBJC_LITERAL_CONVERSION = YES;
				CLANG_WARN_OBJC_ROOT_CLASS = YES_ERROR;
				CLANG_WARN_RANGE_LOOP_ANALYSIS = YES;
				CLANG_WARN_STRICT_PROTOTYPES = YES;
				CLANG_WARN_SUSPICIOUS_MOVE = YES;
				CLANG_WARN_UNGUARDED_AVAILABILITY = YES_AGGRESSIVE;
				CLANG_WARN_UNREACHABLE_CODE = YES;
				CLANG_WARN__DUPLICATE_METHOD_MATCH = YES;
				CODE_SIGN_IDENTITY = "iPhone Developer";
				COPY_PHASE_STRIP = NO;
				DEBUG_INFORMATION_FORMAT = "dwarf-with-dsym";
				ENABLE_NS_ASSERTIONS = NO;
				ENABLE_STRICT_OBJC_MSGSEND = YES;
				GCC_C_LANGUAGE_STANDARD = gnu11;
				GCC_NO_COMMON_BLOCKS = YES;
				GCC_WARN_64_TO_32_BIT_CONVERSION = YES;
				GCC_WARN_ABOUT_RETURN_TYPE = YES_ERROR;
				GCC_WARN_UNDECLARED_SELECTOR = YES;
				GCC_WARN_UNINITIALIZED_AUTOS = YES_AGGRESSIVE;
				GCC_WARN_UNUSED_FUNCTION = YES;
				GCC_WARN_UNUSED_VARIABLE = YES;
				IPHONEOS_DEPLOYMENT_TARGET = 11.3;
				MTL_ENABLE_DEBUG_INFO = NO;
				SDKROOT = iphoneos;
				VALIDATE_PRODUCT = YES;
			};
			name = Release;
		};
		B2CE2F2520AD5830005B5B1A /* Debug */ = {
			isa = XCBuildConfiguration;
			buildSettings = {
				ASSETCATALOG_COMPILER_APPICON_NAME = AppIcon;
				CODE_SIGN_STYLE = Automatic;
				INFOPLIST_FILE = KeepAlive/Info.plist;
				LD_RUNPATH_SEARCH_PATHS = (
					"$(inherited)",
					"@executable_path/Frameworks",
				);
				PRODUCT_BUNDLE_IDENTIFIER = "AudioServicesPlaySystemSound-kSystemSoundID-Vibrate-----PeonyPark.LesPark-International.KeepAlive";
				PRODUCT_NAME = "$(TARGET_NAME)";
				TARGETED_DEVICE_FAMILY = "1,2";
			};
			name = Debug;
		};
		B2CE2F2620AD5830005B5B1A /* Release */ = {
			isa = XCBuildConfiguration;
			buildSettings = {
				ASSETCATALOG_COMPILER_APPICON_NAME = AppIcon;
				CODE_SIGN_STYLE = Automatic;
				INFOPLIST_FILE = KeepAlive/Info.plist;
				LD_RUNPATH_SEARCH_PATHS = (
					"$(inherited)",
					"@executable_path/Frameworks",
				);
				PRODUCT_BUNDLE_IDENTIFIER = "AudioServicesPlaySystemSound-kSystemSoundID-Vibrate-----PeonyPark.LesPark-International.KeepAlive";
				PRODUCT_NAME = "$(TARGET_NAME)";
				TARGETED_DEVICE_FAMILY = "1,2";
			};
			name = Release;
		};
/* End XCBuildConfiguration section */

/* Begin XCConfigurationList section */
		B2CE2F0920AD582E005B5B1A /* Build configuration list for PBXProject "KeepAlive" */ = {
			isa = XCConfigurationList;
			buildConfigurations = (
				B2CE2F2220AD5830005B5B1A /* Debug */,
				B2CE2F2320AD5830005B5B1A /* Release */,
			);
			defaultConfigurationIsVisible = 0;
			defaultConfigurationName = Release;
		};
		B2CE2F2420AD5830005B5B1A /* Build configuration list for PBXNativeTarget "KeepAlive" */ = {
			isa = XCConfigurationList;
			buildConfigurations = (
				B2CE2F2520AD5830005B5B1A /* Debug */,
				B2CE2F2620AD5830005B5B1A /* Release */,
			);
			defaultConfigurationIsVisible = 0;
			defaultConfigurationName = Release;
		};
/* End XCConfigurationList section */
	};
	rootObject = B2CE2F0620AD582E005B5B1A /* Project object */;
}
